
Microsoft Visual Studio Solution File, Format Version 12.00
# Visual Studio Version 16
VisualStudioVersion = 16.0.31321.278
MinimumVisualStudioVersion = 10.0.40219.1
Project("{FAE04EC0-301F-11D3-BF4B-00C04F79EFBC}") = "XIVRADAR", "XIVRADAR\XIVRADAR.csproj", "{AE786383-2B4A-465E-826B-A910D1DD953E}"
EndProject
Project("{FAE04EC0-301F-11D3-BF4B-00C04F79EFBC}") = "XIVRADAR.Launcher", "XIVRADAR.Launcher\XIVRADAR.Launcher.csproj", "{CAC1DC24-1DC3-4257-9835-59DC4E60EAC1}"
EndProject
Project("{9A19103F-16F7-4668-BE54-9A1E7A4F7556}") = "Sharlayan", "..\sharlayan\Sharlayan\Sharlayan.csproj", "{19E21CC9-B511-4490-AC36-69CC74905595}"
EndProject
Global
	GlobalSection(SolutionConfigurationPlatforms) = preSolution
		Debug|Any CPU = Debug|Any CPU
		Release|Any CPU = Release|Any CPU
	EndGlobalSection
	GlobalSection(ProjectConfigurationPlatforms) = postSolution
		{AE786383-2B4A-465E-826B-A910D1DD953E}.Debug|Any CPU.ActiveCfg = Debug|Any CPU
		{AE786383-2B4A-465E-826B-A910D1DD953E}.Debug|Any CPU.Build.0 = Debug|Any CPU
		{AE786383-2B4A-465E-826B-A910D1DD953E}.Release|Any CPU.ActiveCfg = Release|Any CPU
		{AE786383-2B4A-465E-826B-A910D1DD953E}.Release|Any CPU.Build.0 = Release|Any CPU
		{CAC1DC24-1DC3-4257-9835-59DC4E60EAC1}.Debug|Any CPU.ActiveCfg = Debug|Any CPU
		{CAC1DC24-1DC3-4257-9835-59DC4E60EAC1}.Debug|Any CPU.Build.0 = Debug|Any CPU
		{CAC1DC24-1DC3-4257-9835-59DC4E60EAC1}.Release|Any CPU.ActiveCfg = Release|Any CPU
		{CAC1DC24-1DC3-4257-9835-59DC4E60EAC1}.Release|Any CPU.Build.0 = Release|Any CPU
		{19E21CC9-B511-4490-AC36-69CC74905595}.Debug|Any CPU.ActiveCfg = Debug|Any CPU
		{19E21CC9-B511-4490-AC36-69CC74905595}.Debug|Any CPU.Build.0 = Debug|Any CPU
		{19E21CC9-B511-4490-AC36-69CC74905595}.Release|Any CPU.ActiveCfg = Release|Any CPU
		{19E21CC9-B511-4490-AC36-69CC74905595}.Release|Any CPU.Build.0 = Release|Any CPU
	EndGlobalSection
	GlobalSection(SolutionProperties) = preSolution
		HideSolutionNode = FALSE
	EndGlobalSection
	GlobalSection(ExtensibilityGlobals) = postSolution
		SolutionGuid = {A8D31862-6398-4D82-8208-828B1623402F}
	EndGlobalSection
EndGlobal
